
Microsoft Visual Studio Solution File, Format Version 12.00
# Visual Studio Version 17
VisualStudioVersion = 17.11.35222.181
MinimumVisualStudioVersion = 10.0.40219.1
Project("{2150E333-8FDC-42A3-9474-1A3956D46DE8}") = "Task0", "Task0", "{72398779-1F55-453C-B746-845A07728398}"
EndProject
Project("{9A19103F-16F7-4668-BE54-9A1E7A4F7556}") = "Tyuiu.MolodchikovEE.Sprint2.Task0.V1", "Tyuiu.MolodchikovEE.Sprint2.Task0.V1\Tyuiu.MolodchikovEE.Sprint2.Task0.V1.csproj", "{9F6CB308-77BF-4BCC-BCA6-926AFF0384AB}"
EndProject
Project("{9A19103F-16F7-4668-BE54-9A1E7A4F7556}") = "Tyuiu.MolodchikovEE.Sprint2.Task0.V1.Lib", "Tyuiu.MolodchikovEE.Sprint2.Task0.V1.Lib\Tyuiu.MolodchikovEE.Sprint2.Task0.V1.Lib.csproj", "{D1633D79-E435-4E95-B253-8110F5DBDF8A}"
EndProject
Project("{9A19103F-16F7-4668-BE54-9A1E7A4F7556}") = "Tyuiu.MolodchikovEE.Sprint2.Task0.V1.Test", "Tyuiu.MolodchikovEE.Sprint2.Task0.V1.Test\Tyuiu.MolodchikovEE.Sprint2.Task0.V1.Test.csproj", "{CE73CE07-1302-4DCD-9210-269BD5F2807E}"
EndProject
Project("{2150E333-8FDC-42A3-9474-1A3956D46DE8}") = "Task1", "Task1", "{D15029DC-D296-42B0-AAFB-42CF7EB3FE5B}"
EndProject
Project("{9A19103F-16F7-4668-BE54-9A1E7A4F7556}") = "Tyuiu.MolodchikovEE.Sprint2.Task1.V23", "Tyuiu.MolodchikovEE.Sprint2.Task1.V23\Tyuiu.MolodchikovEE.Sprint2.Task1.V23.csproj", "{F8BD19AE-14A7-45AE-8DAF-901775CF1C8D}"
EndProject
Project("{9A19103F-16F7-4668-BE54-9A1E7A4F7556}") = "Tyuiu.MolodchikovEE.Sprint2.Task1.V23.Lib", "Tyuiu.MolodchikovEE.Sprint2.Task1.V23.Lib\Tyuiu.MolodchikovEE.Sprint2.Task1.V23.Lib.csproj", "{8FFED062-D72E-4605-A22F-F04E0F089B9D}"
EndProject
Project("{9A19103F-16F7-4668-BE54-9A1E7A4F7556}") = "Tyuiu.MolodchikovEE.Sprint2.Task1.V23.Test", "Tyuiu.MolodchikovEE.Sprint2.Task1.V23.Test\Tyuiu.MolodchikovEE.Sprint2.Task1.V23.Test.csproj", "{A06EE411-3588-4DD5-BA68-F871F1C5168F}"
EndProject
Project("{2150E333-8FDC-42A3-9474-1A3956D46DE8}") = "Task2", "Task2", "{6B541701-210A-4B37-99E2-66C17CCA8630}"
EndProject
Project("{9A19103F-16F7-4668-BE54-9A1E7A4F7556}") = "Tyuiu.MolodchikovEE.Sprint2.Task2.V9", "Tyuiu.MolodchikovEE.Sprint2.Task2.V9\Tyuiu.MolodchikovEE.Sprint2.Task2.V9.csproj", "{C37819A9-0C91-4CCF-AA66-600EFCB11AB1}"
EndProject
Project("{9A19103F-16F7-4668-BE54-9A1E7A4F7556}") = "Tyuiu.MolodchikovEE.Sprint2.Task2.V9.Lib", "Tyuiu.MolodchikovEE.Sprint2.Task2.V9.Lib\Tyuiu.MolodchikovEE.Sprint2.Task2.V9.Lib.csproj", "{2D5DF133-C909-45FC-8EA9-5423CA1B893C}"
EndProject
Project("{9A19103F-16F7-4668-BE54-9A1E7A4F7556}") = "Tyuiu.MolodchikovEE.Sprint2.Task2.V9.Test", "Tyuiu.MolodchikovEE.Sprint2.Task2.V9.Test\Tyuiu.MolodchikovEE.Sprint2.Task2.V9.Test.csproj", "{9180B13B-1B65-4153-90E3-6D68F4E8BE78}"
EndProject
Project("{2150E333-8FDC-42A3-9474-1A3956D46DE8}") = "Task3", "Task3", "{5DF2926E-8DE5-4A07-88FD-78C72CA5BE47}"
EndProject
Project("{9A19103F-16F7-4668-BE54-9A1E7A4F7556}") = "Tyuiu.MolodchikovEE.Sprint2.Task3.V20", "Tyuiu.MolodchikovEE.Sprint2.Task3.V20\Tyuiu.MolodchikovEE.Sprint2.Task3.V20.csproj", "{BA0B8AAE-8EAB-4990-9A69-9D144A47EE15}"
EndProject
Project("{9A19103F-16F7-4668-BE54-9A1E7A4F7556}") = "Tyuiu.MolodchikovEE.Sprint2.Task3.V20.Lib", "Tyuiu.MolodchikovEE.Sprint2.Task3.V20.Lib\Tyuiu.MolodchikovEE.Sprint2.Task3.V20.Lib.csproj", "{0353CB8C-BD72-440A-AFCD-1BDDA7D113AB}"
EndProject
Project("{9A19103F-16F7-4668-BE54-9A1E7A4F7556}") = "Tyuiu.MolodchikovEE.Sprint2.Task3.V20.Test", "Tyuiu.MolodchikovEE.Sprint2.Task3.V20.Test\Tyuiu.MolodchikovEE.Sprint2.Task3.V20.Test.csproj", "{0C52A4E9-EC29-46C9-A412-6DE066FEA352}"
EndProject
Project("{2150E333-8FDC-42A3-9474-1A3956D46DE8}") = "Task4", "Task4", "{ACFE84DE-F147-47D1-82B4-CB262A88488D}"
EndProject
Project("{9A19103F-16F7-4668-BE54-9A1E7A4F7556}") = "Tyuiu.MolodchikovEE.Sprint2.Task4.V5", "Tyuiu.MolodchikovEE.Sprint2.Task4.V5\Tyuiu.MolodchikovEE.Sprint2.Task4.V5.csproj", "{01D833F8-6C35-4285-9B00-F8DBB8D2E7B5}"
EndProject
Project("{9A19103F-16F7-4668-BE54-9A1E7A4F7556}") = "Tyuiu.MolodchikovEE.Sprint2.Task4.V5.Lib", "Tyuiu.MolodchikovEE.Sprint2.Task4.V5.Lib\Tyuiu.MolodchikovEE.Sprint2.Task4.V5.Lib.csproj", "{0258641A-42F0-4838-A0BB-73477A74F38A}"
EndProject
Project("{9A19103F-16F7-4668-BE54-9A1E7A4F7556}") = "Tyuiu.MolodchikovEE.Sprint2.Task4.V5.Test", "Tyuiu.MolodchikovEE.Sprint2.Task4.V5.Test\Tyuiu.MolodchikovEE.Sprint2.Task4.V5.Test.csproj", "{18100619-6A29-4009-A727-43EC82454CDE}"
EndProject
Project("{2150E333-8FDC-42A3-9474-1A3956D46DE8}") = "Task5", "Task5", "{08576B17-CC0F-47E4-9C98-0FA0EBA2A6BA}"
EndProject
Project("{9A19103F-16F7-4668-BE54-9A1E7A4F7556}") = "Tyuiu.MolodchikovEE.Sprint2.Task5.V8", "Tyuiu.MolodchikovEE.Sprint2.Task5.V8\Tyuiu.MolodchikovEE.Sprint2.Task5.V8.csproj", "{EF9718A9-9CD8-4548-A636-E351427F8F6C}"
EndProject
Project("{9A19103F-16F7-4668-BE54-9A1E7A4F7556}") = "Tyuiu.MolodchikovEE.Sprint2.Task5.V8.Lib", "Tyuiu.MolodchikovEE.Sprint2.Task5.V8.Lib\Tyuiu.MolodchikovEE.Sprint2.Task5.V8.Lib.csproj", "{5FE31BE2-296A-4B61-A17B-AC28B72358E5}"
EndProject
Project("{9A19103F-16F7-4668-BE54-9A1E7A4F7556}") = "Tyuiu.MolodchikovEE.Sprint2.Task5.V8.Test", "Tyuiu.MolodchikovEE.Sprint2.Task5.V8.Test\Tyuiu.MolodchikovEE.Sprint2.Task5.V8.Test.csproj", "{86B953AE-6383-4084-B79E-CD4F73C1DC13}"
EndProject
Project("{FAE04EC0-301F-11D3-BF4B-00C04F79EFBC}") = "Tyuiu.MolodchikovEE.Sprint2.Task6.V5.Lib", "Tyuiu.MolodchikovEE.Sprint2.Task6.V5.Lib\Tyuiu.MolodchikovEE.Sprint2.Task6.V5.Lib.csproj", "{398BAED5-45D7-416A-90B4-8C2F87D5D550}"
EndProject
Project("{FAE04EC0-301F-11D3-BF4B-00C04F79EFBC}") = "Tyuiu.MolodchikovEE.Sprint2.Task6.V5", "Tyuiu.MolodchikovEE.Sprint2.Task6.V5\Tyuiu.MolodchikovEE.Sprint2.Task6.V5.csproj", "{E18891EA-9FC0-4561-80FE-A3C374EA3993}"
EndProject
Project("{FAE04EC0-301F-11D3-BF4B-00C04F79EFBC}") = "Tyuiu.MolodchikovEE.Sprint2.Task6.V5.Test", "Tyuiu.MolodchikovEE.Sprint2.Task6.V5.Test\Tyuiu.MolodchikovEE.Sprint2.Task6.V5.Test.csproj", "{9F4464E1-FB31-403F-A969-A66D08DE5F6B}"
EndProject
Global
	GlobalSection(SolutionConfigurationPlatforms) = preSolution
		Debug|Any CPU = Debug|Any CPU
		Release|Any CPU = Release|Any CPU
	EndGlobalSection
	GlobalSection(ProjectConfigurationPlatforms) = postSolution
		{9F6CB308-77BF-4BCC-BCA6-926AFF0384AB}.Debug|Any CPU.ActiveCfg = Debug|Any CPU
		{9F6CB308-77BF-4BCC-BCA6-926AFF0384AB}.Debug|Any CPU.Build.0 = Debug|Any CPU
		{9F6CB308-77BF-4BCC-BCA6-926AFF0384AB}.Release|Any CPU.ActiveCfg = Release|Any CPU
		{9F6CB308-77BF-4BCC-BCA6-926AFF0384AB}.Release|Any CPU.Build.0 = Release|Any CPU
		{D1633D79-E435-4E95-B253-8110F5DBDF8A}.Debug|Any CPU.ActiveCfg = Debug|Any CPU
		{D1633D79-E435-4E95-B253-8110F5DBDF8A}.Debug|Any CPU.Build.0 = Debug|Any CPU
		{D1633D79-E435-4E95-B253-8110F5DBDF8A}.Release|Any CPU.ActiveCfg = Release|Any CPU
		{D1633D79-E435-4E95-B253-8110F5DBDF8A}.Release|Any CPU.Build.0 = Release|Any CPU
		{CE73CE07-1302-4DCD-9210-269BD5F2807E}.Debug|Any CPU.ActiveCfg = Debug|Any CPU
		{CE73CE07-1302-4DCD-9210-269BD5F2807E}.Debug|Any CPU.Build.0 = Debug|Any CPU
		{CE73CE07-1302-4DCD-9210-269BD5F2807E}.Release|Any CPU.ActiveCfg = Release|Any CPU
		{CE73CE07-1302-4DCD-9210-269BD5F2807E}.Release|Any CPU.Build.0 = Release|Any CPU
		{F8BD19AE-14A7-45AE-8DAF-901775CF1C8D}.Debug|Any CPU.ActiveCfg = Debug|Any CPU
		{F8BD19AE-14A7-45AE-8DAF-901775CF1C8D}.Debug|Any CPU.Build.0 = Debug|Any CPU
		{F8BD19AE-14A7-45AE-8DAF-901775CF1C8D}.Release|Any CPU.ActiveCfg = Release|Any CPU
		{F8BD19AE-14A7-45AE-8DAF-901775CF1C8D}.Release|Any CPU.Build.0 = Release|Any CPU
		{8FFED062-D72E-4605-A22F-F04E0F089B9D}.Debug|Any CPU.ActiveCfg = Debug|Any CPU
		{8FFED062-D72E-4605-A22F-F04E0F089B9D}.Debug|Any CPU.Build.0 = Debug|Any CPU
		{8FFED062-D72E-4605-A22F-F04E0F089B9D}.Release|Any CPU.ActiveCfg = Release|Any CPU
		{8FFED062-D72E-4605-A22F-F04E0F089B9D}.Release|Any CPU.Build.0 = Release|Any CPU
		{A06EE411-3588-4DD5-BA68-F871F1C5168F}.Debug|Any CPU.ActiveCfg = Debug|Any CPU
		{A06EE411-3588-4DD5-BA68-F871F1C5168F}.Debug|Any CPU.Build.0 = Debug|Any CPU
		{A06EE411-3588-4DD5-BA68-F871F1C5168F}.Release|Any CPU.ActiveCfg = Release|Any CPU
		{A06EE411-3588-4DD5-BA68-F871F1C5168F}.Release|Any CPU.Build.0 = Release|Any CPU
		{C37819A9-0C91-4CCF-AA66-600EFCB11AB1}.Debug|Any CPU.ActiveCfg = Debug|Any CPU
		{C37819A9-0C91-4CCF-AA66-600EFCB11AB1}.Debug|Any CPU.Build.0 = Debug|Any CPU
		{C37819A9-0C91-4CCF-AA66-600EFCB11AB1}.Release|Any CPU.ActiveCfg = Release|Any CPU
		{C37819A9-0C91-4CCF-AA66-600EFCB11AB1}.Release|Any CPU.Build.0 = Release|Any CPU
		{2D5DF133-C909-45FC-8EA9-5423CA1B893C}.Debug|Any CPU.ActiveCfg = Debug|Any CPU
		{2D5DF133-C909-45FC-8EA9-5423CA1B893C}.Debug|Any CPU.Build.0 = Debug|Any CPU
		{2D5DF133-C909-45FC-8EA9-5423CA1B893C}.Release|Any CPU.ActiveCfg = Release|Any CPU
		{2D5DF133-C909-45FC-8EA9-5423CA1B893C}.Release|Any CPU.Build.0 = Release|Any CPU
		{9180B13B-1B65-4153-90E3-6D68F4E8BE78}.Debug|Any CPU.ActiveCfg = Debug|Any CPU
		{9180B13B-1B65-4153-90E3-6D68F4E8BE78}.Debug|Any CPU.Build.0 = Debug|Any CPU
		{9180B13B-1B65-4153-90E3-6D68F4E8BE78}.Release|Any CPU.ActiveCfg = Release|Any CPU
		{9180B13B-1B65-4153-90E3-6D68F4E8BE78}.Release|Any CPU.Build.0 = Release|Any CPU
		{BA0B8AAE-8EAB-4990-9A69-9D144A47EE15}.Debug|Any CPU.ActiveCfg = Debug|Any CPU
		{BA0B8AAE-8EAB-4990-9A69-9D144A47EE15}.Debug|Any CPU.Build.0 = Debug|Any CPU
		{BA0B8AAE-8EAB-4990-9A69-9D144A47EE15}.Release|Any CPU.ActiveCfg = Release|Any CPU
		{BA0B8AAE-8EAB-4990-9A69-9D144A47EE15}.Release|Any CPU.Build.0 = Release|Any CPU
		{0353CB8C-BD72-440A-AFCD-1BDDA7D113AB}.Debug|Any CPU.ActiveCfg = Debug|Any CPU
		{0353CB8C-BD72-440A-AFCD-1BDDA7D113AB}.Debug|Any CPU.Build.0 = Debug|Any CPU
		{0353CB8C-BD72-440A-AFCD-1BDDA7D113AB}.Release|Any CPU.ActiveCfg = Release|Any CPU
		{0353CB8C-BD72-440A-AFCD-1BDDA7D113AB}.Release|Any CPU.Build.0 = Release|Any CPU
		{0C52A4E9-EC29-46C9-A412-6DE066FEA352}.Debug|Any CPU.ActiveCfg = Debug|Any CPU
		{0C52A4E9-EC29-46C9-A412-6DE066FEA352}.Debug|Any CPU.Build.0 = Debug|Any CPU
		{0C52A4E9-EC29-46C9-A412-6DE066FEA352}.Release|Any CPU.ActiveCfg = Release|Any CPU
		{0C52A4E9-EC29-46C9-A412-6DE066FEA352}.Release|Any CPU.Build.0 = Release|Any CPU
		{01D833F8-6C35-4285-9B00-F8DBB8D2E7B5}.Debug|Any CPU.ActiveCfg = Debug|Any CPU
		{01D833F8-6C35-4285-9B00-F8DBB8D2E7B5}.Debug|Any CPU.Build.0 = Debug|Any CPU
		{01D833F8-6C35-4285-9B00-F8DBB8D2E7B5}.Release|Any CPU.ActiveCfg = Release|Any CPU
		{01D833F8-6C35-4285-9B00-F8DBB8D2E7B5}.Release|Any CPU.Build.0 = Release|Any CPU
		{0258641A-42F0-4838-A0BB-73477A74F38A}.Debug|Any CPU.ActiveCfg = Debug|Any CPU
		{0258641A-42F0-4838-A0BB-73477A74F38A}.Debug|Any CPU.Build.0 = Debug|Any CPU
		{0258641A-42F0-4838-A0BB-73477A74F38A}.Release|Any CPU.ActiveCfg = Release|Any CPU
		{0258641A-42F0-4838-A0BB-73477A74F38A}.Release|Any CPU.Build.0 = Release|Any CPU
		{18100619-6A29-4009-A727-43EC82454CDE}.Debug|Any CPU.ActiveCfg = Debug|Any CPU
		{18100619-6A29-4009-A727-43EC82454CDE}.Debug|Any CPU.Build.0 = Debug|Any CPU
		{18100619-6A29-4009-A727-43EC82454CDE}.Release|Any CPU.ActiveCfg = Release|Any CPU
		{18100619-6A29-4009-A727-43EC82454CDE}.Release|Any CPU.Build.0 = Release|Any CPU
		{EF9718A9-9CD8-4548-A636-E351427F8F6C}.Debug|Any CPU.ActiveCfg = Debug|Any CPU
		{EF9718A9-9CD8-4548-A636-E351427F8F6C}.Debug|Any CPU.Build.0 = Debug|Any CPU
		{EF9718A9-9CD8-4548-A636-E351427F8F6C}.Release|Any CPU.ActiveCfg = Release|Any CPU
		{EF9718A9-9CD8-4548-A636-E351427F8F6C}.Release|Any CPU.Build.0 = Release|Any CPU
		{5FE31BE2-296A-4B61-A17B-AC28B72358E5}.Debug|Any CPU.ActiveCfg = Debug|Any CPU
		{5FE31BE2-296A-4B61-A17B-AC28B72358E5}.Debug|Any CPU.Build.0 = Debug|Any CPU
		{5FE31BE2-296A-4B61-A17B-AC28B72358E5}.Release|Any CPU.ActiveCfg = Release|Any CPU
		{5FE31BE2-296A-4B61-A17B-AC28B72358E5}.Release|Any CPU.Build.0 = Release|Any CPU
		{86B953AE-6383-4084-B79E-CD4F73C1DC13}.Debug|Any CPU.ActiveCfg = Debug|Any CPU
		{86B953AE-6383-4084-B79E-CD4F73C1DC13}.Debug|Any CPU.Build.0 = Debug|Any CPU
		{86B953AE-6383-4084-B79E-CD4F73C1DC13}.Release|Any CPU.ActiveCfg = Release|Any CPU
		{86B953AE-6383-4084-B79E-CD4F73C1DC13}.Release|Any CPU.Build.0 = Release|Any CPU
		{398BAED5-45D7-416A-90B4-8C2F87D5D550}.Debug|Any CPU.ActiveCfg = Debug|Any CPU
		{398BAED5-45D7-416A-90B4-8C2F87D5D550}.Debug|Any CPU.Build.0 = Debug|Any CPU
		{398BAED5-45D7-416A-90B4-8C2F87D5D550}.Release|Any CPU.ActiveCfg = Release|Any CPU
		{398BAED5-45D7-416A-90B4-8C2F87D5D550}.Release|Any CPU.Build.0 = Release|Any CPU
		{E18891EA-9FC0-4561-80FE-A3C374EA3993}.Debug|Any CPU.ActiveCfg = Debug|Any CPU
		{E18891EA-9FC0-4561-80FE-A3C374EA3993}.Debug|Any CPU.Build.0 = Debug|Any CPU
		{E18891EA-9FC0-4561-80FE-A3C374EA3993}.Release|Any CPU.ActiveCfg = Release|Any CPU
		{E18891EA-9FC0-4561-80FE-A3C374EA3993}.Release|Any CPU.Build.0 = Release|Any CPU
		{9F4464E1-FB31-403F-A969-A66D08DE5F6B}.Debug|Any CPU.ActiveCfg = Debug|Any CPU
		{9F4464E1-FB31-403F-A969-A66D08DE5F6B}.Debug|Any CPU.Build.0 = Debug|Any CPU
		{9F4464E1-FB31-403F-A969-A66D08DE5F6B}.Release|Any CPU.ActiveCfg = Release|Any CPU
		{9F4464E1-FB31-403F-A969-A66D08DE5F6B}.Release|Any CPU.Build.0 = Release|Any CPU
	EndGlobalSection
	GlobalSection(SolutionProperties) = preSolution
		HideSolutionNode = FALSE
	EndGlobalSection
	GlobalSection(NestedProjects) = preSolution
		{9F6CB308-77BF-4BCC-BCA6-926AFF0384AB} = {72398779-1F55-453C-B746-845A07728398}
		{D1633D79-E435-4E95-B253-8110F5DBDF8A} = {72398779-1F55-453C-B746-845A07728398}
		{CE73CE07-1302-4DCD-9210-269BD5F2807E} = {72398779-1F55-453C-B746-845A07728398}
		{F8BD19AE-14A7-45AE-8DAF-901775CF1C8D} = {D15029DC-D296-42B0-AAFB-42CF7EB3FE5B}
		{8FFED062-D72E-4605-A22F-F04E0F089B9D} = {D15029DC-D296-42B0-AAFB-42CF7EB3FE5B}
		{A06EE411-3588-4DD5-BA68-F871F1C5168F} = {D15029DC-D296-42B0-AAFB-42CF7EB3FE5B}
		{C37819A9-0C91-4CCF-AA66-600EFCB11AB1} = {6B541701-210A-4B37-99E2-66C17CCA8630}
		{2D5DF133-C909-45FC-8EA9-5423CA1B893C} = {6B541701-210A-4B37-99E2-66C17CCA8630}
		{9180B13B-1B65-4153-90E3-6D68F4E8BE78} = {6B541701-210A-4B37-99E2-66C17CCA8630}
		{BA0B8AAE-8EAB-4990-9A69-9D144A47EE15} = {5DF2926E-8DE5-4A07-88FD-78C72CA5BE47}
		{0353CB8C-BD72-440A-AFCD-1BDDA7D113AB} = {5DF2926E-8DE5-4A07-88FD-78C72CA5BE47}
		{0C52A4E9-EC29-46C9-A412-6DE066FEA352} = {5DF2926E-8DE5-4A07-88FD-78C72CA5BE47}
		{01D833F8-6C35-4285-9B00-F8DBB8D2E7B5} = {ACFE84DE-F147-47D1-82B4-CB262A88488D}
		{0258641A-42F0-4838-A0BB-73477A74F38A} = {ACFE84DE-F147-47D1-82B4-CB262A88488D}
		{18100619-6A29-4009-A727-43EC82454CDE} = {ACFE84DE-F147-47D1-82B4-CB262A88488D}
		{EF9718A9-9CD8-4548-A636-E351427F8F6C} = {08576B17-CC0F-47E4-9C98-0FA0EBA2A6BA}
		{5FE31BE2-296A-4B61-A17B-AC28B72358E5} = {08576B17-CC0F-47E4-9C98-0FA0EBA2A6BA}
		{86B953AE-6383-4084-B79E-CD4F73C1DC13} = {08576B17-CC0F-47E4-9C98-0FA0EBA2A6BA}
	EndGlobalSection
	GlobalSection(ExtensibilityGlobals) = postSolution
		SolutionGuid = {3F962765-372A-434E-B66A-1BF117D83048}
	EndGlobalSection
EndGlobal
